
Microsoft Visual Studio Solution File, Format Version 12.00
# Visual Studio Version 17
VisualStudioVersion = 17.1.32319.34
MinimumVisualStudioVersion = 10.0.40219.1
Project("{FAE04EC0-301F-11D3-BF4B-00C04F79EFBC}") = "ProyectoFinalCoderHouse", "ProyectoFinalCoderHouse.csproj", "{44B871A4-EF01-43EE-B67B-8DE88617EB83}"
EndProject
Global
	GlobalSection(SolutionConfigurationPlatforms) = preSolution
		Debug|Any CPU = Debug|Any CPU
		Release|Any CPU = Release|Any CPU
	EndGlobalSection
	GlobalSection(ProjectConfigurationPlatforms) = postSolution
		{44B871A4-EF01-43EE-B67B-8DE88617EB83}.Debug|Any CPU.ActiveCfg = Debug|Any CPU
		{44B871A4-EF01-43EE-B67B-8DE88617EB83}.Debug|Any CPU.Build.0 = Debug|Any CPU
		{44B871A4-EF01-43EE-B67B-8DE88617EB83}.Release|Any CPU.ActiveCfg = Release|Any CPU
		{44B871A4-EF01-43EE-B67B-8DE88617EB83}.Release|Any CPU.Build.0 = Release|Any CPU
	EndGlobalSection
	GlobalSection(SolutionProperties) = preSolution
		HideSolutionNode = FALSE
	EndGlobalSection
	GlobalSection(ExtensibilityGlobals) = postSolution
		SolutionGuid = {F0F869DB-CD0B-444C-92DC-74EE08AF8F05}
	EndGlobalSection
EndGlobal
